// !$*UTF8*$!
{
	archiveVersion = 1;
	classes = {
	};
	objectVersion = 46;
	objects = {

/* Begin PBXBuildFile section */
		EE3756FE1430C75A002ABE18 /* MainWindow.xib in Resources */ = {isa = PBXBuildFile; fileRef = EE3756FD1430C75A002ABE18 /* MainWindow.xib */; };
		EE37571C1430CAC6002ABE18 /* MedListViewController.m in Sources */ = {isa = PBXBuildFile; fileRef = EE37571B1430CAC6002ABE18 /* MedListViewController.m */; };
		EE37572314313DCE002ABE18 /* MedView.xib in Resources */ = {isa = PBXBuildFile; fileRef = EE37572214313DCE002ABE18 /* MedView.xib */; };
		EEB38FA51417D0F000478FA0 /* UIKit.framework in Frameworks */ = {isa = PBXBuildFile; fileRef = EEB38FA41417D0F000478FA0 /* UIKit.framework */; };
		EEB38FA71417D0F000478FA0 /* Foundation.framework in Frameworks */ = {isa = PBXBuildFile; fileRef = EEB38FA61417D0F000478FA0 /* Foundation.framework */; };
		EEB38FA91417D0F000478FA0 /* CoreGraphics.framework in Frameworks */ = {isa = PBXBuildFile; fileRef = EEB38FA81417D0F000478FA0 /* CoreGraphics.framework */; };
		EEB38FAF1417D0F000478FA0 /* InfoPlist.strings in Resources */ = {isa = PBXBuildFile; fileRef = EEB38FAD1417D0F000478FA0 /* InfoPlist.strings */; };
		EEB38FB11417D0F000478FA0 /* main.m in Sources */ = {isa = PBXBuildFile; fileRef = EEB38FB01417D0F000478FA0 /* main.m */; };
		EEB38FB51417D0F000478FA0 /* AppDelegate.m in Sources */ = {isa = PBXBuildFile; fileRef = EEB38FB41417D0F000478FA0 /* AppDelegate.m */; };
		EEB38FBE1417D0F000478FA0 /* MedViewController.m in Sources */ = {isa = PBXBuildFile; fileRef = EEB38FBD1417D0F000478FA0 /* MedViewController.m */; };
		EEB68EDF14F555D200F9FE61 /* libIndivo.a in Frameworks */ = {isa = PBXBuildFile; fileRef = EEB68EDE14F555D200F9FE61 /* libIndivo.a */; };
		EED8F045141816AE002BDD10 /* Security.framework in Frameworks */ = {isa = PBXBuildFile; fileRef = EED8F044141816AE002BDD10 /* Security.framework */; };
		EED8F047141816BC002BDD10 /* libxml2.dylib in Frameworks */ = {isa = PBXBuildFile; fileRef = EED8F046141816BC002BDD10 /* libxml2.dylib */; };
/* End PBXBuildFile section */

/* Begin PBXFileReference section */
		EE18082014BCB5B7009D7873 /* README.md */ = {isa = PBXFileReference; lastKnownFileType = text; path = README.md; sourceTree = "<group>"; };
		EE3756FD1430C75A002ABE18 /* MainWindow.xib */ = {isa = PBXFileReference; fileEncoding = 4; lastKnownFileType = file.xib; path = MainWindow.xib; sourceTree = "<group>"; };
		EE37571A1430CAC6002ABE18 /* MedListViewController.h */ = {isa = PBXFileReference; fileEncoding = 4; lastKnownFileType = sourcecode.c.h; path = MedListViewController.h; sourceTree = "<group>"; };
		EE37571B1430CAC6002ABE18 /* MedListViewController.m */ = {isa = PBXFileReference; fileEncoding = 4; lastKnownFileType = sourcecode.c.objc; path = MedListViewController.m; sourceTree = "<group>"; };
		EE37572214313DCE002ABE18 /* MedView.xib */ = {isa = PBXFileReference; fileEncoding = 4; lastKnownFileType = file.xib; path = MedView.xib; sourceTree = "<group>"; };
		EEB38FA01417D0F000478FA0 /* Medications Sample.app */ = {isa = PBXFileReference; explicitFileType = wrapper.application; includeInIndex = 0; path = "Medications Sample.app"; sourceTree = BUILT_PRODUCTS_DIR; };
		EEB38FA41417D0F000478FA0 /* UIKit.framework */ = {isa = PBXFileReference; lastKnownFileType = wrapper.framework; name = UIKit.framework; path = System/Library/Frameworks/UIKit.framework; sourceTree = SDKROOT; };
		EEB38FA61417D0F000478FA0 /* Foundation.framework */ = {isa = PBXFileReference; lastKnownFileType = wrapper.framework; name = Foundation.framework; path = System/Library/Frameworks/Foundation.framework; sourceTree = SDKROOT; };
		EEB38FA81417D0F000478FA0 /* CoreGraphics.framework */ = {isa = PBXFileReference; lastKnownFileType = wrapper.framework; name = CoreGraphics.framework; path = System/Library/Frameworks/CoreGraphics.framework; sourceTree = SDKROOT; };
		EEB38FAC1417D0F000478FA0 /* Medications Sample-Info.plist */ = {isa = PBXFileReference; lastKnownFileType = text.plist.xml; path = "Medications Sample-Info.plist"; sourceTree = "<group>"; };
		EEB38FAE1417D0F000478FA0 /* en */ = {isa = PBXFileReference; lastKnownFileType = text.plist.strings; name = en; path = en.lproj/InfoPlist.strings; sourceTree = "<group>"; };
		EEB38FB01417D0F000478FA0 /* main.m */ = {isa = PBXFileReference; lastKnownFileType = sourcecode.c.objc; path = main.m; sourceTree = "<group>"; };
		EEB38FB21417D0F000478FA0 /* Medications Sample-Prefix.pch */ = {isa = PBXFileReference; lastKnownFileType = sourcecode.c.h; path = "Medications Sample-Prefix.pch"; sourceTree = "<group>"; };
		EEB38FB31417D0F000478FA0 /* AppDelegate.h */ = {isa = PBXFileReference; lastKnownFileType = sourcecode.c.h; path = AppDelegate.h; sourceTree = "<group>"; };
		EEB38FB41417D0F000478FA0 /* AppDelegate.m */ = {isa = PBXFileReference; lastKnownFileType = sourcecode.c.objc; path = AppDelegate.m; sourceTree = "<group>"; };
		EEB38FBC1417D0F000478FA0 /* MedViewController.h */ = {isa = PBXFileReference; lastKnownFileType = sourcecode.c.h; path = MedViewController.h; sourceTree = "<group>"; };
		EEB38FBD1417D0F000478FA0 /* MedViewController.m */ = {isa = PBXFileReference; lastKnownFileType = sourcecode.c.objc; path = MedViewController.m; sourceTree = "<group>"; };
		EEB68EDE14F555D200F9FE61 /* libIndivo.a */ = {isa = PBXFileReference; lastKnownFileType = archive.ar; name = libIndivo.a; path = "../../../../Library/Developer/Xcode/DerivedData/IndivoFramework-gduhtqnxmhtalkbzvzlkhptnbwim/Build/Products/Debug-iphoneos/libIndivo.a"; sourceTree = "<group>"; };
		EED8F044141816AE002BDD10 /* Security.framework */ = {isa = PBXFileReference; lastKnownFileType = wrapper.framework; name = Security.framework; path = /System/Library/Frameworks/Security.framework; sourceTree = "<absolute>"; };
		EED8F046141816BC002BDD10 /* libxml2.dylib */ = {isa = PBXFileReference; lastKnownFileType = "compiled.mach-o.dylib"; name = libxml2.dylib; path = /usr/lib/libxml2.dylib; sourceTree = "<absolute>"; };
/* End PBXFileReference section */

/* Begin PBXFrameworksBuildPhase section */
		EEB38F9D1417D0F000478FA0 /* Frameworks */ = {
			isa = PBXFrameworksBuildPhase;
			buildActionMask = 2147483647;
			files = (
				EEB68EDF14F555D200F9FE61 /* libIndivo.a in Frameworks */,
				EEB38FA51417D0F000478FA0 /* UIKit.framework in Frameworks */,
				EEB38FA71417D0F000478FA0 /* Foundation.framework in Frameworks */,
				EEB38FA91417D0F000478FA0 /* CoreGraphics.framework in Frameworks */,
				EED8F045141816AE002BDD10 /* Security.framework in Frameworks */,
				EED8F047141816BC002BDD10 /* libxml2.dylib in Frameworks */,
			);
			runOnlyForDeploymentPostprocessing = 0;
		};
/* End PBXFrameworksBuildPhase section */

/* Begin PBXGroup section */
		EEB38F951417D0F000478FA0 = {
			isa = PBXGroup;
			children = (
				EE18082014BCB5B7009D7873 /* README.md */,
				EEB38FAA1417D0F000478FA0 /* Medications Sample */,
				EEB38FA31417D0F000478FA0 /* Frameworks */,
				EEB38FA11417D0F000478FA0 /* Products */,
			);
			sourceTree = "<group>";
		};
		EEB38FA11417D0F000478FA0 /* Products */ = {
			isa = PBXGroup;
			children = (
				EEB38FA01417D0F000478FA0 /* Medications Sample.app */,
			);
			name = Products;
			sourceTree = "<group>";
		};
		EEB38FA31417D0F000478FA0 /* Frameworks */ = {
			isa = PBXGroup;
			children = (
				EEB68EDE14F555D200F9FE61 /* libIndivo.a */,
				EED8F046141816BC002BDD10 /* libxml2.dylib */,
				EEB38FA41417D0F000478FA0 /* UIKit.framework */,
				EEB38FA61417D0F000478FA0 /* Foundation.framework */,
				EEB38FA81417D0F000478FA0 /* CoreGraphics.framework */,
				EED8F044141816AE002BDD10 /* Security.framework */,
			);
			name = Frameworks;
			sourceTree = "<group>";
		};
		EEB38FAA1417D0F000478FA0 /* Medications Sample */ = {
			isa = PBXGroup;
			children = (
				EEB38FB31417D0F000478FA0 /* AppDelegate.h */,
				EEB38FB41417D0F000478FA0 /* AppDelegate.m */,
				EE37571A1430CAC6002ABE18 /* MedListViewController.h */,
				EE37571B1430CAC6002ABE18 /* MedListViewController.m */,
				EEB38FBC1417D0F000478FA0 /* MedViewController.h */,
				EEB38FBD1417D0F000478FA0 /* MedViewController.m */,
				EEB38FAB1417D0F000478FA0 /* Supporting Files */,
			);
			path = "Medications Sample";
			sourceTree = "<group>";
		};
		EEB38FAB1417D0F000478FA0 /* Supporting Files */ = {
			isa = PBXGroup;
			children = (
				EEB38FAC1417D0F000478FA0 /* Medications Sample-Info.plist */,
				EEB38FAD1417D0F000478FA0 /* InfoPlist.strings */,
				EEB38FB01417D0F000478FA0 /* main.m */,
				EEB38FB21417D0F000478FA0 /* Medications Sample-Prefix.pch */,
				EE3756FD1430C75A002ABE18 /* MainWindow.xib */,
				EE37572214313DCE002ABE18 /* MedView.xib */,
			);
			name = "Supporting Files";
			sourceTree = "<group>";
		};
/* End PBXGroup section */

/* Begin PBXNativeTarget section */
		EEB38F9F1417D0F000478FA0 /* Medications Sample */ = {
			isa = PBXNativeTarget;
			buildConfigurationList = EEB38FC11417D0F000478FA0 /* Build configuration list for PBXNativeTarget "Medications Sample" */;
			buildPhases = (
				EEB38F9C1417D0F000478FA0 /* Sources */,
				EEB38F9D1417D0F000478FA0 /* Frameworks */,
				EEB38F9E1417D0F000478FA0 /* Resources */,
			);
			buildRules = (
			);
			dependencies = (
			);
			name = "Medications Sample";
			productName = "Medications Sample";
			productReference = EEB38FA01417D0F000478FA0 /* Medications Sample.app */;
			productType = "com.apple.product-type.application";
		};
/* End PBXNativeTarget section */

/* Begin PBXProject section */
		EEB38F971417D0F000478FA0 /* Project object */ = {
			isa = PBXProject;
			attributes = {
				LastUpgradeCheck = 0430;
				ORGANIZATIONNAME = "Children's Hospital Boston";
			};
			buildConfigurationList = EEB38F9A1417D0F000478FA0 /* Build configuration list for PBXProject "Medications Sample" */;
			compatibilityVersion = "Xcode 3.2";
			developmentRegion = English;
			hasScannedForEncodings = 0;
			knownRegions = (
				en,
			);
			mainGroup = EEB38F951417D0F000478FA0;
			productRefGroup = EEB38FA11417D0F000478FA0 /* Products */;
			projectDirPath = "";
			projectRoot = "";
			targets = (
				EEB38F9F1417D0F000478FA0 /* Medications Sample */,
			);
		};
/* End PBXProject section */

/* Begin PBXResourcesBuildPhase section */
		EEB38F9E1417D0F000478FA0 /* Resources */ = {
			isa = PBXResourcesBuildPhase;
			buildActionMask = 2147483647;
			files = (
				EEB38FAF1417D0F000478FA0 /* InfoPlist.strings in Resources */,
				EE3756FE1430C75A002ABE18 /* MainWindow.xib in Resources */,
				EE37572314313DCE002ABE18 /* MedView.xib in Resources */,
			);
			runOnlyForDeploymentPostprocessing = 0;
		};
/* End PBXResourcesBuildPhase section */

/* Begin PBXSourcesBuildPhase section */
		EEB38F9C1417D0F000478FA0 /* Sources */ = {
			isa = PBXSourcesBuildPhase;
			buildActionMask = 2147483647;
			files = (
				EEB38FB11417D0F000478FA0 /* main.m in Sources */,
				EEB38FB51417D0F000478FA0 /* AppDelegate.m in Sources */,
				EEB38FBE1417D0F000478FA0 /* MedViewController.m in Sources */,
				EE37571C1430CAC6002ABE18 /* MedListViewController.m in Sources */,
			);
			runOnlyForDeploymentPostprocessing = 0;
		};
/* End PBXSourcesBuildPhase section */

/* Begin PBXVariantGroup section */
		EEB38FAD1417D0F000478FA0 /* InfoPlist.strings */ = {
			isa = PBXVariantGroup;
			children = (
				EEB38FAE1417D0F000478FA0 /* en */,
			);
			name = InfoPlist.strings;
			sourceTree = "<group>";
		};
/* End PBXVariantGroup section */

/* Begin XCBuildConfiguration section */
		EEB38FBF1417D0F000478FA0 /* Debug */ = {
			isa = XCBuildConfiguration;
			buildSettings = {
				ALWAYS_SEARCH_USER_PATHS = NO;
				ARCHS = "$(ARCHS_STANDARD_32_BIT)";
				CLANG_ENABLE_OBJC_ARC = YES;
				"CODE_SIGN_IDENTITY[sdk=iphoneos*]" = "iPhone Developer";
				COPY_PHASE_STRIP = NO;
				GCC_C_LANGUAGE_STANDARD = gnu99;
				GCC_DYNAMIC_NO_PIC = NO;
				GCC_OPTIMIZATION_LEVEL = 0;
				GCC_PREPROCESSOR_DEFINITIONS = (
					"DEBUG=1",
					"$(inherited)",
				);
				GCC_SYMBOLS_PRIVATE_EXTERN = NO;
				GCC_VERSION = com.apple.compilers.llvm.clang.1_0;
				GCC_WARN_ABOUT_MISSING_PROTOTYPES = YES;
				GCC_WARN_ABOUT_RETURN_TYPE = YES;
				GCC_WARN_UNUSED_VARIABLE = YES;
				IPHONEOS_DEPLOYMENT_TARGET = 4.0;
				SDKROOT = iphoneos;
			};
			name = Debug;
		};
		EEB38FC01417D0F000478FA0 /* Release */ = {
			isa = XCBuildConfiguration;
			buildSettings = {
				ALWAYS_SEARCH_USER_PATHS = NO;
				ARCHS = "$(ARCHS_STANDARD_32_BIT)";
				CLANG_ENABLE_OBJC_ARC = YES;
				"CODE_SIGN_IDENTITY[sdk=iphoneos*]" = "iPhone Developer";
				COPY_PHASE_STRIP = YES;
				GCC_C_LANGUAGE_STANDARD = gnu99;
				GCC_VERSION = com.apple.compilers.llvm.clang.1_0;
				GCC_WARN_ABOUT_MISSING_PROTOTYPES = YES;
				GCC_WARN_ABOUT_RETURN_TYPE = YES;
				GCC_WARN_UNUSED_VARIABLE = YES;
				IPHONEOS_DEPLOYMENT_TARGET = 4.0;
				OTHER_CFLAGS = "-DNS_BLOCK_ASSERTIONS=1";
				SDKROOT = iphoneos;
				VALIDATE_PRODUCT = YES;
			};
			name = Release;
		};
		EEB38FC21417D0F000478FA0 /* Debug */ = {
			isa = XCBuildConfiguration;
			buildSettings = {
				ALWAYS_SEARCH_USER_PATHS = YES;
				GCC_PRECOMPILE_PREFIX_HEADER = YES;
				GCC_PREFIX_HEADER = "Medications Sample/Medications Sample-Prefix.pch";
				INFOPLIST_FILE = "Medications Sample/Medications Sample-Info.plist";
				LIBRARY_SEARCH_PATHS = (
					"$(inherited)",
					"\"$(SRCROOT)/../../../../Library/Developer/Xcode/DerivedData/IndivoFramework-gduhtqnxmhtalkbzvzlkhptnbwim/Build/Products/Debug-iphoneos\"",
				);
				OTHER_CFLAGS = "-DDEBUG";
				OTHER_LDFLAGS = "-ObjC";
				PRODUCT_NAME = "$(TARGET_NAME)";
				USER_HEADER_SEARCH_PATHS = "$(BUILT_PRODUCTS_DIR)/**";
				WRAPPER_EXTENSION = app;
			};
			name = Debug;
		};
		EEB38FC31417D0F000478FA0 /* Release */ = {
			isa = XCBuildConfiguration;
			buildSettings = {
				ALWAYS_SEARCH_USER_PATHS = YES;
				GCC_PRECOMPILE_PREFIX_HEADER = YES;
				GCC_PREFIX_HEADER = "Medications Sample/Medications Sample-Prefix.pch";
				INFOPLIST_FILE = "Medications Sample/Medications Sample-Info.plist";
				LIBRARY_SEARCH_PATHS = (
					"$(inherited)",
					"\"$(SRCROOT)/../../../../Library/Developer/Xcode/DerivedData/IndivoFramework-gduhtqnxmhtalkbzvzlkhptnbwim/Build/Products/Debug-iphoneos\"",
				);
				OTHER_LDFLAGS = "-ObjC";
				PRODUCT_NAME = "$(TARGET_NAME)";
				USER_HEADER_SEARCH_PATHS = "$(BUILT_PRODUCTS_DIR)/**";
				WRAPPER_EXTENSION = app;
			};
			name = Release;
		};
/* End XCBuildConfiguration section */

/* Begin XCConfigurationList section */
		EEB38F9A1417D0F000478FA0 /* Build configuration list for PBXProject "Medications Sample" */ = {
			isa = XCConfigurationList;
			buildConfigurations = (
				EEB38FBF1417D0F000478FA0 /* Debug */,
				EEB38FC01417D0F000478FA0 /* Release */,
			);
			defaultConfigurationIsVisible = 0;
			defaultConfigurationName = Release;
		};
		EEB38FC11417D0F000478FA0 /* Build configuration list for PBXNativeTarget "Medications Sample" */ = {
			isa = XCConfigurationList;
			buildConfigurations = (
				EEB38FC21417D0F000478FA0 /* Debug */,
				EEB38FC31417D0F000478FA0 /* Release */,
			);
			defaultConfigurationIsVisible = 0;
			defaultConfigurationName = Release;
		};
/* End XCConfigurationList section */
	};
	rootObject = EEB38F971417D0F000478FA0 /* Project object */;
}
